
Microsoft Visual Studio Solution File, Format Version 12.00
# Visual Studio Version 16
VisualStudioVersion = 16.0.29519.181
MinimumVisualStudioVersion = 10.0.40219.1
Project("{FAE04EC0-301F-11D3-BF4B-00C04F79EFBC}") = "Mileage of Cars", "Mileage of Cars\Mileage of Cars.csproj", "{6E060EAB-3BF4-4F3B-B22C-EF51ADF3AA4E}"
EndProject
Global
	GlobalSection(SolutionConfigurationPlatforms) = preSolution
		Debug|Any CPU = Debug|Any CPU
		Release|Any CPU = Release|Any CPU
	EndGlobalSection
	GlobalSection(ProjectConfigurationPlatforms) = postSolution
		{6E060EAB-3BF4-4F3B-B22C-EF51ADF3AA4E}.Debug|Any CPU.ActiveCfg = Debug|Any CPU
		{6E060EAB-3BF4-4F3B-B22C-EF51ADF3AA4E}.Debug|Any CPU.Build.0 = Debug|Any CPU
		{6E060EAB-3BF4-4F3B-B22C-EF51ADF3AA4E}.Release|Any CPU.ActiveCfg = Release|Any CPU
		{6E060EAB-3BF4-4F3B-B22C-EF51ADF3AA4E}.Release|Any CPU.Build.0 = Release|Any CPU
	EndGlobalSection
	GlobalSection(SolutionProperties) = preSolution
		HideSolutionNode = FALSE
	EndGlobalSection
	GlobalSection(ExtensibilityGlobals) = postSolution
		SolutionGuid = {07859382-7421-4FA3-8A4E-B731D74070A3}
	EndGlobalSection
EndGlobal
